# THIS IS AN AUTOGENERATED FILE. DO NOT EDIT THIS FILE DIRECTLY.
# yarn lockfile v1


acorn@^5.2.1:
  version "5.5.3"
  resolved "https://registry.yarnpkg.com/acorn/-/acorn-5.5.3.tgz#f473dd47e0277a08e28e9bec5aeeb04751f0b8c9"

agent-base@~1.0.1:
  version "1.0.2"
  resolved "https://registry.yarnpkg.com/agent-base/-/agent-base-1.0.2.tgz#6890d3fb217004b62b70f8928e0fae5f8952a706"

align-text@^0.1.1, align-text@^0.1.3:
  version "0.1.4"
  resolved "https://registry.yarnpkg.com/align-text/-/align-text-0.1.4.tgz#0cd90a561093f35d0a99256c22b7069433fad117"
  dependencies:
    kind-of "^3.0.2"
    longest "^1.0.1"
    repeat-string "^1.5.2"

alter@~0.2.0:
  version "0.2.0"
  resolved "https://registry.yarnpkg.com/alter/-/alter-0.2.0.tgz#c7588808617572034aae62480af26b1d4d1cb3cd"
  dependencies:
    stable "~0.1.3"

amdefine@>=0.0.4:
  version "1.0.1"
  resolved "https://registry.yarnpkg.com/amdefine/-/amdefine-1.0.1.tgz#4a5282ac164729e93619bcfd3ad151f817ce91f5"

archy@0.0.2:
  version "0.0.2"
  resolved "https://registry.yarnpkg.com/archy/-/archy-0.0.2.tgz#910f43bf66141fc335564597abc189df44b3d35e"

ast-traverse@~0.1.1:
  version "0.1.1"
  resolved "https://registry.yarnpkg.com/ast-traverse/-/ast-traverse-0.1.1.tgz#69cf2b8386f19dcda1bb1e05d68fe359d8897de6"

ast-types@0.8.12:
  version "0.8.12"
  resolved "https://registry.yarnpkg.com/ast-types/-/ast-types-0.8.12.tgz#a0d90e4351bb887716c83fd637ebf818af4adfcc"

ast-types@0.9.6:
  version "0.9.6"
  resolved "https://registry.yarnpkg.com/ast-types/-/ast-types-0.9.6.tgz#102c9e9e9005d3e7e3829bf0c4fa24ee862ee9b9"

ast-types@0.x.x:
  version "0.11.3"
  resolved "https://registry.yarnpkg.com/ast-types/-/ast-types-0.11.3.tgz#c20757fe72ee71278ea0ff3d87e5c2ca30d9edf8"

autoprefixer@~1.1.20140319:
  version "1.1.20140605"
  resolved "https://registry.yarnpkg.com/autoprefixer/-/autoprefixer-1.1.20140605.tgz#2534cd5d041709ba221187713b81b3862b67db7f"
  dependencies:
    fs-extra "~0.9.1"
    postcss "~0.3.5"

balanced-match@^1.0.0:
  version "1.0.0"
  resolved "https://registry.yarnpkg.com/balanced-match/-/balanced-match-1.0.0.tgz#89b4d199ab2bee49de164ea02b89ce462d71b767"

base64-js@~0.0.6:
  version "0.0.8"
  resolved "https://registry.yarnpkg.com/base64-js/-/base64-js-0.0.8.tgz#1101e9544f4a76b1bc3b26d452ca96d7a35e7978"

batch@0.2.1:
  version "0.2.1"
  resolved "https://registry.yarnpkg.com/batch/-/batch-0.2.1.tgz#4463997bb4d5fd1c7a011548813e52aa189c2c79"

batch@0.3.2:
  version "0.3.2"
  resolved "https://registry.yarnpkg.com/batch/-/batch-0.3.2.tgz#8f802c1358be2b33535f8808e0a23c9f0075733b"

batch@~0.5.0:
  version "0.5.3"
  resolved "https://registry.yarnpkg.com/batch/-/batch-0.5.3.tgz#3f3414f380321743bfc1042f9a83ff1d5824d464"

brace-expansion@^1.1.7:
  version "1.1.11"
  resolved "https://registry.yarnpkg.com/brace-expansion/-/brace-expansion-1.1.11.tgz#3c7fcbf529d87226f3d2f52b966ff5271eb441dd"
  dependencies:
    balanced-match "^1.0.0"
    concat-map "0.0.1"

breakable@~1.0.0:
  version "1.0.0"
  resolved "https://registry.yarnpkg.com/breakable/-/breakable-1.0.0.tgz#784a797915a38ead27bad456b5572cb4bbaa78c1"

camelcase@^1.2.1:
  version "1.2.1"
  resolved "https://registry.yarnpkg.com/camelcase/-/camelcase-1.2.1.tgz#9bb5304d2e0b56698b2c758b08a3eaa9daa58a39"

center-align@^0.1.1:
  version "0.1.3"
  resolved "https://registry.yarnpkg.com/center-align/-/center-align-0.1.3.tgz#aa0d32629b6ee972200411cbd4461c907bc2b7ad"
  dependencies:
    align-text "^0.1.3"
    lazy-cache "^1.0.3"

cliui@^2.1.0:
  version "2.1.0"
  resolved "https://registry.yarnpkg.com/cliui/-/cliui-2.1.0.tgz#4b475760ff80264c762c3a1719032e91c7fea0d1"
  dependencies:
    center-align "^0.1.1"
    right-align "^0.1.1"
    wordwrap "0.0.2"

co@~3.0.6:
  version "3.0.6"
  resolved "https://registry.yarnpkg.com/co/-/co-3.0.6.tgz#1445f226c5eb956138e68c9ac30167ea7d2e6bda"

color-parser@0.1.0:
  version "0.1.0"
  resolved "https://registry.yarnpkg.com/color-parser/-/color-parser-0.1.0.tgz#8e17c93ca02cc7b4d998d9b20cc6b0c8e1ce19ca"

colors@~0.6.2:
  version "0.6.2"
  resolved "https://registry.yarnpkg.com/colors/-/colors-0.6.2.tgz#2423fe6678ac0c5dae8852e5d0e5be08c997abcc"

commander@0.5.2:
  version "0.5.2"
  resolved "https://registry.yarnpkg.com/commander/-/commander-0.5.2.tgz#f270326709a115a126cfed5623852439b8e4a3b5"

commander@1.0.5:
  version "1.0.5"
  resolved "https://registry.yarnpkg.com/commander/-/commander-1.0.5.tgz#457295bb976e388e9dd0db52de4333e249f3d88c"
  dependencies:
    keypress "0.1.x"

commander@^2.5.0:
  version "2.15.1"
  resolved "https://registry.yarnpkg.com/commander/-/commander-2.15.1.tgz#df46e867d0fc2aec66a34662b406a9ccafff5b0f"

commander@~2.1.0:
  version "2.1.0"
  resolved "https://registry.yarnpkg.com/commander/-/commander-2.1.0.tgz#d121bbae860d9992a3d517ba96f56588e47c6781"

commoner@~0.10.3:
  version "0.10.8"
  resolved "https://registry.yarnpkg.com/commoner/-/commoner-0.10.8.tgz#34fc3672cd24393e8bb47e70caa0293811f4f2c5"
  dependencies:
    commander "^2.5.0"
    detective "^4.3.1"
    glob "^5.0.15"
    graceful-fs "^4.1.2"
    iconv-lite "^0.4.5"
    mkdirp "^0.5.0"
    private "^0.1.6"
    q "^1.1.2"
    recast "^0.11.17"

component-builder-suit@0.2.x:
  version "0.2.0"
  resolved "https://registry.yarnpkg.com/component-builder-suit/-/component-builder-suit-0.2.0.tgz#b29996cf2eb601434af5f7b7a82e2478fcfbd912"
  dependencies:
    rework "0.20.x"
    rework-suit-conformance "~0.1.0"

component-builder@0.10.1:
  version "0.10.1"
  resolved "https://registry.yarnpkg.com/component-builder/-/component-builder-0.10.1.tgz#d29c7ab70241a678e3f8dbea4d1759c68b6f8f9b"
  dependencies:
    batch "0.2.1"
    component-require "0.3.1"
    cp "~0.1.0"
    debug "*"
    mkdirp "0.3.4"
    string-to-js "0.0.1"

component-installer@~0.0.8:
  version "0.0.8"
  resolved "https://registry.yarnpkg.com/component-installer/-/component-installer-0.0.8.tgz#7829e88ccd286d10b160a35cd6c66e192a1397dd"
  dependencies:
    batch "~0.5.0"
    component-package "*"
    debug "~0.7.4"

component-package@*, component-package@~0.0.4:
  version "0.0.4"
  resolved "https://registry.yarnpkg.com/component-package/-/component-package-0.0.4.tgz#755882f8b844a8591a37a08cc1b6f23af5fa26b0"
  dependencies:
    batch "0.3.2"
    debug "*"
    mkdirp "0.3.4"
    netrc "~0.1.3"
    proxy-agent "~1.1.0"
    rimraf "~2.1.4"
    superagent "0.15.7"
    superagent-proxy "~0.3.0"

component-require@0.3.1:
  version "0.3.1"
  resolved "https://registry.yarnpkg.com/component-require/-/component-require-0.3.1.tgz#50a00e2e2cb0fe273ab4268fe20ae4804f35fe6d"

component@0.19.x:
  version "0.19.9"
  resolved "https://registry.yarnpkg.com/component/-/component-0.19.9.tgz#998df9d86a24ae1d696786e101ac26744f6ed4b0"
  dependencies:
    archy "0.0.2"
    batch "~0.5.0"
    commander "1.0.5"
    component-builder "0.10.1"
    component-installer "~0.0.8"
    component-package "~0.0.4"
    debug "*"
    jog "0.4.0"
    mkdirp "~0.3.4"
    netrc "~0.1.3"
    open "0.0.4"
    proxy-agent "~1.1.0"
    rimraf "~2.2.6"
    string-to-js "0.0.1"
    superagent "~0.15.4"
    superagent-proxy "~0.3.0"
    win-fork "~1.1.1"

concat-map@0.0.1:
  version "0.0.1"
  resolved "https://registry.yarnpkg.com/concat-map/-/concat-map-0.0.1.tgz#d8a96bd77fd68df7793a73036a3ba0d5405d477b"

concat-stream@visionmedia/node-concat-stream#0.0.1:
  version "0.0.1"
  resolved "https://codeload.github.com/visionmedia/node-concat-stream/tar.gz/2cfffdccfec25c492fcfd713789d88204ccedcee"

convert-source-map@~0.3.1:
  version "0.3.5"
  resolved "https://registry.yarnpkg.com/convert-source-map/-/convert-source-map-0.3.5.tgz#f1d802950af7dd2631a1febe0596550c86ab3190"

cookiejar@1.3.0:
  version "1.3.0"
  resolved "https://registry.yarnpkg.com/cookiejar/-/cookiejar-1.3.0.tgz#dd00b35679021e99cbd4e855b9ad041913474765"

core-util-is@~1.0.0:
  version "1.0.2"
  resolved "https://registry.yarnpkg.com/core-util-is/-/core-util-is-1.0.2.tgz#b5fd54220aa2bc5ab57aab7140c940754503c1a7"

cp@~0.1.0:
  version "0.1.1"
  resolved "https://registry.yarnpkg.com/cp/-/cp-0.1.1.tgz#3946a76c1a53ffe0e68593f341c124b336c1f06d"

css-parse@1.7.0:
  version "1.7.0"
  resolved "https://registry.yarnpkg.com/css-parse/-/css-parse-1.7.0.tgz#321f6cf73782a6ff751111390fc05e2c657d8c9b"

css-stringify@1.4.1:
  version "1.4.1"
  resolved "https://registry.yarnpkg.com/css-stringify/-/css-stringify-1.4.1.tgz#252ccbf03f723a009bdd8770fe7eb274171afdfa"
  dependencies:
    source-map "~0.1.31"

css@1.6.0:
  version "1.6.0"
  resolved "https://registry.yarnpkg.com/css/-/css-1.6.0.tgz#c06fff0afbb313fce5bce070d76531a6c8d300aa"
  dependencies:
    css-parse "1.7.0"
    css-stringify "1.4.1"

data-uri-to-buffer@0:
  version "0.0.4"
  resolved "https://registry.yarnpkg.com/data-uri-to-buffer/-/data-uri-to-buffer-0.0.4.tgz#46e13ab9da8e309745c8d01ce547213ebdb2fe3f"

debug@*:
  version "3.1.0"
  resolved "https://registry.yarnpkg.com/debug/-/debug-3.1.0.tgz#5bb5a0672628b64149566ba16819e61518c67261"
  dependencies:
    ms "2.0.0"

debug@2:
  version "2.6.9"
  resolved "https://registry.yarnpkg.com/debug/-/debug-2.6.9.tgz#5d128515df134ff327e90a4c93f4e077a536341f"
  dependencies:
    ms "2.0.0"

debug@~0.7.2, debug@~0.7.4:
  version "0.7.4"
  resolved "https://registry.yarnpkg.com/debug/-/debug-0.7.4.tgz#06e1ea8082c2cb14e39806e22e2f6f757f92af39"

debug@~2.2.0:
  version "2.2.0"
  resolved "https://registry.yarnpkg.com/debug/-/debug-2.2.0.tgz#f87057e995b1a1f6ae6a4960664137bc56f039da"
  dependencies:
    ms "0.7.1"

decamelize@^1.0.0:
  version "1.2.0"
  resolved "https://registry.yarnpkg.com/decamelize/-/decamelize-1.2.0.tgz#f6534d15148269b20352e7bee26f501f9a191290"

deep-is@~0.1.3:
  version "0.1.3"
  resolved "https://registry.yarnpkg.com/deep-is/-/deep-is-0.1.3.tgz#b369d6fb5dbc13eecf524f91b070feedc357cf34"

defined@^1.0.0:
  version "1.0.0"
  resolved "https://registry.yarnpkg.com/defined/-/defined-1.0.0.tgz#c98d9bcef75674188e110969151199e39b1fa693"

defs@~1.1.0:
  version "1.1.1"
  resolved "https://registry.yarnpkg.com/defs/-/defs-1.1.1.tgz#b22609f2c7a11ba7a3db116805c139b1caffa9d2"
  dependencies:
    alter "~0.2.0"
    ast-traverse "~0.1.1"
    breakable "~1.0.0"
    esprima-fb "~15001.1001.0-dev-harmony-fb"
    simple-fmt "~0.1.0"
    simple-is "~0.2.0"
    stringmap "~0.2.2"
    stringset "~0.2.1"
    tryor "~0.1.2"
    yargs "~3.27.0"

degenerator@~1.0.0:
  version "1.0.4"
  resolved "https://registry.yarnpkg.com/degenerator/-/degenerator-1.0.4.tgz#fcf490a37ece266464d9cc431ab98c5819ced095"
  dependencies:
    ast-types "0.x.x"
    escodegen "1.x.x"
    esprima "3.x.x"

detective@^4.3.1:
  version "4.7.1"
  resolved "https://registry.yarnpkg.com/detective/-/detective-4.7.1.tgz#0eca7314338442febb6d65da54c10bb1c82b246e"
  dependencies:
    acorn "^5.2.1"
    defined "^1.0.0"

emitter-component@1.0.0:
  version "1.0.0"
  resolved "https://registry.yarnpkg.com/emitter-component/-/emitter-component-1.0.0.tgz#f04dd18fc3dc3e9a74cbc0f310b088666e4c016f"

escodegen@1.x.x:
  version "1.9.1"
  resolved "https://registry.yarnpkg.com/escodegen/-/escodegen-1.9.1.tgz#dbae17ef96c8e4bedb1356f4504fa4cc2f7cb7e2"
  dependencies:
    esprima "^3.1.3"
    estraverse "^4.2.0"
    esutils "^2.0.2"
    optionator "^0.8.1"
  optionalDependencies:
    source-map "~0.6.1"

esprima-fb@~15001.1001.0-dev-harmony-fb:
  version "15001.1001.0-dev-harmony-fb"
  resolved "https://registry.yarnpkg.com/esprima-fb/-/esprima-fb-15001.1001.0-dev-harmony-fb.tgz#43beb57ec26e8cf237d3dd8b33e42533577f2659"

esprima@3.x.x, esprima@^3.1.3, esprima@~3.1.0:
  version "3.1.3"
  resolved "https://registry.yarnpkg.com/esprima/-/esprima-3.1.3.tgz#fdca51cee6133895e3c88d535ce49dbff62a4633"

estraverse@^4.2.0:
  version "4.2.0"
  resolved "https://registry.yarnpkg.com/estraverse/-/estraverse-4.2.0.tgz#0dee3fed31fcd469618ce7342099fc1afa0bdb13"

esutils@^2.0.2:
  version "2.0.2"
  resolved "https://registry.yarnpkg.com/esutils/-/esutils-2.0.2.tgz#0abf4f1caa5bcb1f7a9d8acc6dea4faaa04bac9b"

extend@3:
  version "3.0.1"
  resolved "https://registry.yarnpkg.com/extend/-/extend-3.0.1.tgz#a755ea7bc1adfcc5a31ce7e762dbaadc5e636444"

extend@~1.2.1:
  version "1.2.1"
  resolved "https://registry.yarnpkg.com/extend/-/extend-1.2.1.tgz#a0f5fd6cfc83a5fe49ef698d60ec8a624dd4576c"

fast-levenshtein@~2.0.4:
  version "2.0.6"
  resolved "https://registry.yarnpkg.com/fast-levenshtein/-/fast-levenshtein-2.0.6.tgz#3d8a5c66883a16a30ca8643e851f19baa7797917"

file-uri-to-path@0:
  version "0.0.2"
  resolved "https://registry.yarnpkg.com/file-uri-to-path/-/file-uri-to-path-0.0.2.tgz#37cdd1b5b905404b3f05e1b23645be694ff70f82"

formidable@1.0.14:
  version "1.0.14"
  resolved "https://registry.yarnpkg.com/formidable/-/formidable-1.0.14.tgz#2b3f4c411cbb5fdd695c44843e2a23514a43231a"

fs-extra@~0.9.1:
  version "0.9.1"
  resolved "https://registry.yarnpkg.com/fs-extra/-/fs-extra-0.9.1.tgz#87dbfc01383a8ddce7d9d5496f3608564889f156"
  dependencies:
    jsonfile "~1.1.0"
    mkdirp "^0.5.0"
    ncp "^0.5.1"
    rimraf "^2.2.8"

fs.realpath@^1.0.0:
  version "1.0.0"
  resolved "https://registry.yarnpkg.com/fs.realpath/-/fs.realpath-1.0.0.tgz#1504ad2523158caa40db4a2787cb01411994ea4f"

ftp@~0.3.5:
  version "0.3.10"
  resolved "https://registry.yarnpkg.com/ftp/-/ftp-0.3.10.tgz#9197d861ad8142f3e63d5a83bfe4c59f7330885d"
  dependencies:
    readable-stream "1.1.x"
    xregexp "2.0.0"

get-uri@~0.1.0:
  version "0.1.4"
  resolved "https://registry.yarnpkg.com/get-uri/-/get-uri-0.1.4.tgz#35f8a7954c129fb132ff2ddf5ed81a57cb8a9e54"
  dependencies:
    data-uri-to-buffer "0"
    debug "2"
    extend "3"
    file-uri-to-path "0"
    ftp "~0.3.5"
    readable-stream "2"

glob@^5.0.15:
  version "5.0.15"
  resolved "https://registry.yarnpkg.com/glob/-/glob-5.0.15.tgz#1bc936b9e02f4a603fcc222ecf7633d30b8b93b1"
  dependencies:
    inflight "^1.0.4"
    inherits "2"
    minimatch "2 || 3"
    once "^1.3.0"
    path-is-absolute "^1.0.0"

glob@^7.0.5:
  version "7.1.2"
  resolved "https://registry.yarnpkg.com/glob/-/glob-7.1.2.tgz#c19c9df9a028702d678612384a6552404c636d15"
  dependencies:
    fs.realpath "^1.0.0"
    inflight "^1.0.4"
    inherits "2"
    minimatch "^3.0.4"
    once "^1.3.0"
    path-is-absolute "^1.0.0"

graceful-fs@^4.1.2:
  version "4.1.11"
  resolved "https://registry.yarnpkg.com/graceful-fs/-/graceful-fs-4.1.11.tgz#0e8bdfe4d1ddb8854d64e04ea7c00e2a026e5658"

graceful-fs@~1:
  version "1.2.3"
  resolved "https://registry.yarnpkg.com/graceful-fs/-/graceful-fs-1.2.3.tgz#15a4806a57547cb2d2dbf27f42e89a8c3451b364"

hsb2rgb@1.0.2:
  version "1.0.2"
  resolved "https://registry.yarnpkg.com/hsb2rgb/-/hsb2rgb-1.0.2.tgz#318eac2dc94f02ee8c4fd058eeeed60d12db57b9"

http-proxy-agent@0:
  version "0.2.7"
  resolved "https://registry.yarnpkg.com/http-proxy-agent/-/http-proxy-agent-0.2.7.tgz#e17fda65f0902d952ce7921e62c7ff8862655a5e"
  dependencies:
    agent-base "~1.0.1"
    debug "2"
    extend "3"

https-proxy-agent@0:
  version "0.3.6"
  resolved "https://registry.yarnpkg.com/https-proxy-agent/-/https-proxy-agent-0.3.6.tgz#713fa38e5d353f50eb14a342febe29033ed1619b"
  dependencies:
    agent-base "~1.0.1"
    debug "2"
    extend "3"

iconv-lite@^0.4.5:
  version "0.4.21"
  resolved "https://registry.yarnpkg.com/iconv-lite/-/iconv-lite-0.4.21.tgz#c47f8733d02171189ebc4a400f3218d348094798"
  dependencies:
    safer-buffer "^2.1.0"

inflight@^1.0.4:
  version "1.0.6"
  resolved "https://registry.yarnpkg.com/inflight/-/inflight-1.0.6.tgz#49bd6331d7d02d0c09bc910a1075ba8165b56df9"
  dependencies:
    once "^1.3.0"
    wrappy "1"

inherits@2, inherits@~2.0.1, inherits@~2.0.3:
  version "2.0.3"
  resolved "https://registry.yarnpkg.com/inherits/-/inherits-2.0.3.tgz#633c2c83e3da42a502f52466022480f4208261de"

invert-kv@^1.0.0:
  version "1.0.0"
  resolved "https://registry.yarnpkg.com/invert-kv/-/invert-kv-1.0.0.tgz#104a8e4aaca6d3d8cd157a8ef8bfab2d7a3ffdb6"

ip@^1.1.4:
  version "1.1.5"
  resolved "https://registry.yarnpkg.com/ip/-/ip-1.1.5.tgz#bdded70114290828c0a039e72ef25f5aaec4354a"

is-buffer@^1.1.5:
  version "1.1.6"
  resolved "https://registry.yarnpkg.com/is-buffer/-/is-buffer-1.1.6.tgz#efaa2ea9daa0d7ab2ea13a97b2b8ad51fefbe8be"

isarray@0.0.1:
  version "0.0.1"
  resolved "https://registry.yarnpkg.com/isarray/-/isarray-0.0.1.tgz#8a18acfca9a8f4177e09abfc6038939b05d1eedf"

isarray@~1.0.0:
  version "1.0.0"
  resolved "https://registry.yarnpkg.com/isarray/-/isarray-1.0.0.tgz#bb935d48582cba168c06834957a54a3e07124f11"

jog@0.4.0:
  version "0.4.0"
  resolved "https://registry.yarnpkg.com/jog/-/jog-0.4.0.tgz#47993fb238b5f46afe8863e84a6833ec8fa485c0"
  dependencies:
    commander "0.5.2"
    debug "*"
    ms "0.1.0"
    redis "0.7.1"

jsonfile@~1.1.0:
  version "1.1.1"
  resolved "https://registry.yarnpkg.com/jsonfile/-/jsonfile-1.1.1.tgz#da4fd6ad77f1a255203ea63c7bc32dc31ef64433"

keypress@0.1.x:
  version "0.1.0"
  resolved "https://registry.yarnpkg.com/keypress/-/keypress-0.1.0.tgz#4a3188d4291b66b4f65edb99f806aa9ae293592a"

kind-of@^3.0.2:
  version "3.2.2"
  resolved "https://registry.yarnpkg.com/kind-of/-/kind-of-3.2.2.tgz#31ea21a734bab9bbb0f32466d893aea51e4a3c64"
  dependencies:
    is-buffer "^1.1.5"

lazy-cache@^1.0.3:
  version "1.0.4"
  resolved "https://registry.yarnpkg.com/lazy-cache/-/lazy-cache-1.0.4.tgz#a1d78fc3a50474cb80845d3b3b6e1da49a446e8e"

lcid@^1.0.0:
  version "1.0.0"
  resolved "https://registry.yarnpkg.com/lcid/-/lcid-1.0.0.tgz#308accafa0bc483a3867b4b6f2b9506251d1b835"
  dependencies:
    invert-kv "^1.0.0"

levn@~0.3.0:
  version "0.3.0"
  resolved "https://registry.yarnpkg.com/levn/-/levn-0.3.0.tgz#3b09924edf9f083c0490fdd4c0bc4421e04764ee"
  dependencies:
    prelude-ls "~1.1.2"
    type-check "~0.3.2"

longest@^1.0.1:
  version "1.0.1"
  resolved "https://registry.yarnpkg.com/longest/-/longest-1.0.1.tgz#30a0b2da38f73770e8294a0d22e6625ed77d0097"

lru-cache@~2.5.0:
  version "2.5.2"
  resolved "https://registry.yarnpkg.com/lru-cache/-/lru-cache-2.5.2.tgz#1fddad938aae1263ce138680be1b3f591c0ab41c"

methods@0.0.1:
  version "0.0.1"
  resolved "https://registry.yarnpkg.com/methods/-/methods-0.0.1.tgz#277c90f8bef39709645a8371c51c3b6c648e068c"

mime@1.2.11:
  version "1.2.11"
  resolved "https://registry.yarnpkg.com/mime/-/mime-1.2.11.tgz#58203eed86e3a5ef17aed2b7d9ebd47f0a60dd10"

mime@1.2.5:
  version "1.2.5"
  resolved "https://registry.yarnpkg.com/mime/-/mime-1.2.5.tgz#9eed073022a8bf5e16c8566c6867b8832bfbfa13"

"minimatch@2 || 3", minimatch@^3.0.4:
  version "3.0.4"
  resolved "https://registry.yarnpkg.com/minimatch/-/minimatch-3.0.4.tgz#5166e286457f03306064be5497e8dbb0c3d32083"
  dependencies:
    brace-expansion "^1.1.7"

minimist@0.0.8:
  version "0.0.8"
  resolved "https://registry.yarnpkg.com/minimist/-/minimist-0.0.8.tgz#857fcabfc3397d2625b8228262e86aa7a011b05d"

mkdirp@0.3.4:
  version "0.3.4"
  resolved "https://registry.yarnpkg.com/mkdirp/-/mkdirp-0.3.4.tgz#f8c81d213b7299a031f193a57d752a17d2f6c7d8"

mkdirp@^0.5.0:
  version "0.5.1"
  resolved "https://registry.yarnpkg.com/mkdirp/-/mkdirp-0.5.1.tgz#30057438eac6cf7f8c4767f38648d6697d75c903"
  dependencies:
    minimist "0.0.8"

mkdirp@~0.3.4:
  version "0.3.5"
  resolved "https://registry.yarnpkg.com/mkdirp/-/mkdirp-0.3.5.tgz#de3e5f8961c88c787ee1368df849ac4413eca8d7"

ms@0.1.0:
  version "0.1.0"
  resolved "https://registry.yarnpkg.com/ms/-/ms-0.1.0.tgz#f21fac490daf1d7667fd180fe9077389cc9442b2"

ms@0.7.1:
  version "0.7.1"
  resolved "https://registry.yarnpkg.com/ms/-/ms-0.7.1.tgz#9cd13c03adbff25b65effde7ce864ee952017098"

ms@2.0.0:
  version "2.0.0"
  resolved "https://registry.yarnpkg.com/ms/-/ms-2.0.0.tgz#5608aeadfc00be6c2901df5f9861788de0d597c8"

ncp@^0.5.1:
  version "0.5.1"
  resolved "https://registry.yarnpkg.com/ncp/-/ncp-0.5.1.tgz#743985316e3db459281b587169e845735a05439f"

netmask@~1.0.4:
  version "1.0.6"
  resolved "https://registry.yarnpkg.com/netmask/-/netmask-1.0.6.tgz#20297e89d86f6f6400f250d9f4f6b4c1945fcd35"

netrc@~0.1.3:
  version "0.1.4"
  resolved "https://registry.yarnpkg.com/netrc/-/netrc-0.1.4.tgz#6be94fcaca8d77ade0a9670dc460914c94472444"

node-watch@0.3.4:
  version "0.3.4"
  resolved "https://registry.yarnpkg.com/node-watch/-/node-watch-0.3.4.tgz#755f64ef5f8ad4acb5bafd2c4e7f4fb6a8db0214"

once@^1.3.0:
  version "1.4.0"
  resolved "https://registry.yarnpkg.com/once/-/once-1.4.0.tgz#583b1aa775961d4b113ac17d9c50baef9dd76bd1"
  dependencies:
    wrappy "1"

open@0.0.4:
  version "0.0.4"
  resolved "https://registry.yarnpkg.com/open/-/open-0.0.4.tgz#5de46a0858b9f49f9f211aa8f26628550657f262"

optionator@^0.8.1:
  version "0.8.2"
  resolved "https://registry.yarnpkg.com/optionator/-/optionator-0.8.2.tgz#364c5e409d3f4d6301d6c0b4c05bba50180aeb64"
  dependencies:
    deep-is "~0.1.3"
    fast-levenshtein "~2.0.4"
    levn "~0.3.0"
    prelude-ls "~1.1.2"
    type-check "~0.3.2"
    wordwrap "~1.0.0"

os-locale@^1.4.0:
  version "1.4.0"
  resolved "https://registry.yarnpkg.com/os-locale/-/os-locale-1.4.0.tgz#20f9f17ae29ed345e8bde583b13d2009803c14d9"
  dependencies:
    lcid "^1.0.0"

pac-proxy-agent@0:
  version "0.2.0"
  resolved "https://registry.yarnpkg.com/pac-proxy-agent/-/pac-proxy-agent-0.2.0.tgz#ad902909d92f4fe7cc2e5f59f5bf5061bcfa71b2"
  dependencies:
    agent-base "~1.0.1"
    debug "2"
    extend "~1.2.1"
    get-uri "~0.1.0"
    pac-resolver "~1.2.1"
    proxy-agent "1"
    stream-to-array "~1.0.0"

pac-resolver@~1.2.1:
  version "1.2.6"
  resolved "https://registry.yarnpkg.com/pac-resolver/-/pac-resolver-1.2.6.tgz#ed03af0c5b5933505bdd3f07f75175466d5e7cfb"
  dependencies:
    co "~3.0.6"
    degenerator "~1.0.0"
    netmask "~1.0.4"
    regenerator "~0.8.13"
    thunkify "~2.1.1"

pad-component@0.0.1:
  version "0.0.1"
  resolved "https://registry.yarnpkg.com/pad-component/-/pad-component-0.0.1.tgz#ad1f22ce1bf0fdc0d6ddd908af17f351a404b8ac"

path-is-absolute@^1.0.0:
  version "1.0.1"
  resolved "https://registry.yarnpkg.com/path-is-absolute/-/path-is-absolute-1.0.1.tgz#174b9268735534ffbc7ace6bf53a5a9e1b5c5f5f"

postcss@~0.3.5:
  version "0.3.5"
  resolved "https://registry.yarnpkg.com/postcss/-/postcss-0.3.5.tgz#5073a3d062ef3ce592ac4a5fe6b8c2862ab83ceb"
  dependencies:
    base64-js "~0.0.6"
    source-map "~0.1.33"

prelude-ls@~1.1.2:
  version "1.1.2"
  resolved "https://registry.yarnpkg.com/prelude-ls/-/prelude-ls-1.1.2.tgz#21932a549f5e52ffd9a827f570e04be62a97da54"

private@^0.1.6, private@~0.1.5:
  version "0.1.8"
  resolved "https://registry.yarnpkg.com/private/-/private-0.1.8.tgz#2381edb3689f7a53d653190060fcf822d2f368ff"

process-nextick-args@~2.0.0:
  version "2.0.0"
  resolved "https://registry.yarnpkg.com/process-nextick-args/-/process-nextick-args-2.0.0.tgz#a37d732f4271b4ab1ad070d35508e8290788ffaa"

proxy-agent@1, proxy-agent@~1.1.0:
  version "1.1.1"
  resolved "https://registry.yarnpkg.com/proxy-agent/-/proxy-agent-1.1.1.tgz#fcb1eef5e58965c995f938f029d729fc81858b95"
  dependencies:
    http-proxy-agent "0"
    https-proxy-agent "0"
    lru-cache "~2.5.0"
    pac-proxy-agent "0"
    socks-proxy-agent "1"

q@^1.1.2:
  version "1.5.1"
  resolved "https://registry.yarnpkg.com/q/-/q-1.5.1.tgz#7e32f75b41381291d04611f1bf14109ac00651d7"

qs@0.6.5:
  version "0.6.5"
  resolved "https://registry.yarnpkg.com/qs/-/qs-0.6.5.tgz#294b268e4b0d4250f6dde19b3b8b34935dff14ef"

read-file-stdin@0.0.3:
  version "0.0.3"
  resolved "https://registry.yarnpkg.com/read-file-stdin/-/read-file-stdin-0.0.3.tgz#49b78c4c243cf52a4855a1cb0503e7030b67d24d"
  dependencies:
    concat-stream visionmedia/node-concat-stream#0.0.1

readable-stream@1.1.x:
  version "1.1.14"
  resolved "https://registry.yarnpkg.com/readable-stream/-/readable-stream-1.1.14.tgz#7cf4c54ef648e3813084c636dd2079e166c081d9"
  dependencies:
    core-util-is "~1.0.0"
    inherits "~2.0.1"
    isarray "0.0.1"
    string_decoder "~0.10.x"

readable-stream@2:
  version "2.3.6"
  resolved "https://registry.yarnpkg.com/readable-stream/-/readable-stream-2.3.6.tgz#b11c27d88b8ff1fbe070643cf94b0c79ae1b0aaf"
  dependencies:
    core-util-is "~1.0.0"
    inherits "~2.0.3"
    isarray "~1.0.0"
    process-nextick-args "~2.0.0"
    safe-buffer "~5.1.1"
    string_decoder "~1.1.1"
    util-deprecate "~1.0.1"

recast@0.10.33:
  version "0.10.33"
  resolved "https://registry.yarnpkg.com/recast/-/recast-0.10.33.tgz#942808f7aa016f1fa7142c461d7e5704aaa8d697"
  dependencies:
    ast-types "0.8.12"
    esprima-fb "~15001.1001.0-dev-harmony-fb"
    private "~0.1.5"
    source-map "~0.5.0"

recast@^0.11.17:
  version "0.11.23"
  resolved "https://registry.yarnpkg.com/recast/-/recast-0.11.23.tgz#451fd3004ab1e4df9b4e4b66376b2a21912462d3"
  dependencies:
    ast-types "0.9.6"
    esprima "~3.1.0"
    private "~0.1.5"
    source-map "~0.5.0"

redis@0.7.1:
  version "0.7.1"
  resolved "https://registry.yarnpkg.com/redis/-/redis-0.7.1.tgz#0dcc026332c7d5be11ab43678ed28af6a9cc8d75"

reduce-component@1.0.1:
  version "1.0.1"
  resolved "https://registry.yarnpkg.com/reduce-component/-/reduce-component-1.0.1.tgz#e0c93542c574521bea13df0f9488ed82ab77c5da"

regenerator-runtime@~0.9.5:
  version "0.9.6"
  resolved "https://registry.yarnpkg.com/regenerator-runtime/-/regenerator-runtime-0.9.6.tgz#d33eb95d0d2001a4be39659707c51b0cb71ce029"

regenerator@~0.8.13:
  version "0.8.46"
  resolved "https://registry.yarnpkg.com/regenerator/-/regenerator-0.8.46.tgz#154c327686361ed52cad69b2545efc53a3d07696"
  dependencies:
    commoner "~0.10.3"
    defs "~1.1.0"
    esprima-fb "~15001.1001.0-dev-harmony-fb"
    private "~0.1.5"
    recast "0.10.33"
    regenerator-runtime "~0.9.5"
    through "~2.3.8"

repeat-string@^1.5.2:
  version "1.6.1"
  resolved "https://registry.yarnpkg.com/repeat-string/-/repeat-string-1.6.1.tgz#8dcae470e1c88abc2d600fff4a776286da75e637"

rework-calc@~0.2.1:
  version "0.2.2"
  resolved "https://registry.yarnpkg.com/rework-calc/-/rework-calc-0.2.2.tgz#b2eb293c8c82b5db35c5aacec9fcd4c86c7c71fb"

rework-inherit@~0.2.1:
  version "0.2.3"
  resolved "https://registry.yarnpkg.com/rework-inherit/-/rework-inherit-0.2.3.tgz#74b9f4f9fb88d874886664363a41128875875016"
  dependencies:
    debug "*"

rework-mixin-opacity@~0.1.0:
  version "0.1.0"
  resolved "https://registry.yarnpkg.com/rework-mixin-opacity/-/rework-mixin-opacity-0.1.0.tgz#f8f6df7e97e76a7234ef4a828473768940d4aeea"

rework-suit-conformance@~0.1.0:
  version "0.1.3"
  resolved "https://registry.yarnpkg.com/rework-suit-conformance/-/rework-suit-conformance-0.1.3.tgz#175263e434cced6035641278bc14c7fef15adbc8"

rework-suit@~1.0.0:
  version "1.0.0"
  resolved "https://registry.yarnpkg.com/rework-suit/-/rework-suit-1.0.0.tgz#02993246f8bb97f482547b510efa24ab5f45d49b"
  dependencies:
    rework "~0.20.2"
    rework-calc "~0.2.1"
    rework-mixin-opacity "~0.1.0"
    rework-vars "~2.0.2"

rework-vars@~2.0.2:
  version "2.0.3"
  resolved "https://registry.yarnpkg.com/rework-vars/-/rework-vars-2.0.3.tgz#f43f528c34668bdbe117bf3639779d58ca9e8c0a"
  dependencies:
    rework-visit "1.0.0"

rework-visit@1.0.0:
  version "1.0.0"
  resolved "https://registry.yarnpkg.com/rework-visit/-/rework-visit-1.0.0.tgz#9945b2803f219e2f7aca00adb8bc9f640f842c9a"

rework@0.20.x, rework@~0.20.1, rework@~0.20.2:
  version "0.20.3"
  resolved "https://registry.yarnpkg.com/rework/-/rework-0.20.3.tgz#fddb30fd9118f51081b04102b50687d2aee369e8"
  dependencies:
    color-parser "0.1.0"
    convert-source-map "~0.3.1"
    css "1.6.0"
    debug "*"
    hsb2rgb "1.0.2"
    mime "1.2.11"
    rework-inherit "~0.2.1"
    rework-visit "1.0.0"

right-align@^0.1.1:
  version "0.1.3"
  resolved "https://registry.yarnpkg.com/right-align/-/right-align-0.1.3.tgz#61339b722fe6a3515689210d24e14c96148613ef"
  dependencies:
    align-text "^0.1.1"

rimraf@^2.2.8:
  version "2.6.2"
  resolved "https://registry.yarnpkg.com/rimraf/-/rimraf-2.6.2.tgz#2ed8150d24a16ea8651e6d6ef0f47c4158ce7a36"
  dependencies:
    glob "^7.0.5"

rimraf@~2.1.4:
  version "2.1.4"
  resolved "https://registry.yarnpkg.com/rimraf/-/rimraf-2.1.4.tgz#5a6eb62eeda068f51ede50f29b3e5cd22f3d9bb2"
  optionalDependencies:
    graceful-fs "~1"

rimraf@~2.2.6:
  version "2.2.8"
  resolved "https://registry.yarnpkg.com/rimraf/-/rimraf-2.2.8.tgz#e439be2aaee327321952730f99a8929e4fc50582"

safe-buffer@~5.1.0, safe-buffer@~5.1.1:
  version "5.1.1"
  resolved "https://registry.yarnpkg.com/safe-buffer/-/safe-buffer-5.1.1.tgz#893312af69b2123def71f57889001671eeb2c853"

safer-buffer@^2.1.0:
  version "2.1.2"
  resolved "https://registry.yarnpkg.com/safer-buffer/-/safer-buffer-2.1.2.tgz#44fa161b0187b9549dd84bb91802f9bd8385cd6a"

simple-fmt@~0.1.0:
  version "0.1.0"
  resolved "https://registry.yarnpkg.com/simple-fmt/-/simple-fmt-0.1.0.tgz#191bf566a59e6530482cb25ab53b4a8dc85c3a6b"

simple-is@~0.2.0:
  version "0.2.0"
  resolved "https://registry.yarnpkg.com/simple-is/-/simple-is-0.2.0.tgz#2abb75aade39deb5cc815ce10e6191164850baf0"

smart-buffer@^1.0.13:
  version "1.1.15"
  resolved "https://registry.yarnpkg.com/smart-buffer/-/smart-buffer-1.1.15.tgz#7f114b5b65fab3e2a35aa775bb12f0d1c649bf16"

socks-proxy-agent@1:
  version "1.0.2"
  resolved "https://registry.yarnpkg.com/socks-proxy-agent/-/socks-proxy-agent-1.0.2.tgz#67e06b447fe5637417fde5733cbfdfec9ffe117f"
  dependencies:
    agent-base "~1.0.1"
    extend "~1.2.1"
    socks "~1.1.5"

socks@~1.1.5:
  version "1.1.10"
  resolved "https://registry.yarnpkg.com/socks/-/socks-1.1.10.tgz#5b8b7fc7c8f341c53ed056e929b7bf4de8ba7b5a"
  dependencies:
    ip "^1.1.4"
    smart-buffer "^1.0.13"

source-map@~0.1.31, source-map@~0.1.33:
  version "0.1.43"
  resolved "https://registry.yarnpkg.com/source-map/-/source-map-0.1.43.tgz#c24bc146ca517c1471f5dacbe2571b2b7f9e3346"
  dependencies:
    amdefine ">=0.0.4"

source-map@~0.5.0:
  version "0.5.7"
  resolved "https://registry.yarnpkg.com/source-map/-/source-map-0.5.7.tgz#8a039d2d1021d22d1ea14c80d8ea468ba2ef3fcc"

source-map@~0.6.1:
  version "0.6.1"
  resolved "https://registry.yarnpkg.com/source-map/-/source-map-0.6.1.tgz#74722af32e9614e9c287a8d0bbde48b5e2f1a263"

stable@~0.1.3:
  version "0.1.6"
  resolved "https://registry.yarnpkg.com/stable/-/stable-0.1.6.tgz#910f5d2aed7b520c6e777499c1f32e139fdecb10"

stream-to-array@~1.0.0:
  version "1.0.0"
  resolved "https://registry.yarnpkg.com/stream-to-array/-/stream-to-array-1.0.0.tgz#94166bb29f3ea24f082d2f8cd3ebb2cc0d6eca2c"

string-to-js@0.0.1:
  version "0.0.1"
  resolved "https://registry.yarnpkg.com/string-to-js/-/string-to-js-0.0.1.tgz#bf153c760636faa30769b804a0195552ba7ad80f"

string_decoder@~0.10.x:
  version "0.10.31"
  resolved "https://registry.yarnpkg.com/string_decoder/-/string_decoder-0.10.31.tgz#62e203bc41766c6c28c9fc84301dab1c5310fa94"

string_decoder@~1.1.1:
  version "1.1.1"
  resolved "https://registry.yarnpkg.com/string_decoder/-/string_decoder-1.1.1.tgz#9cf1611ba62685d7030ae9e4ba34149c3af03fc8"
  dependencies:
    safe-buffer "~5.1.0"

stringmap@~0.2.2:
  version "0.2.2"
  resolved "https://registry.yarnpkg.com/stringmap/-/stringmap-0.2.2.tgz#556c137b258f942b8776f5b2ef582aa069d7d1b1"

stringset@~0.2.1:
  version "0.2.1"
  resolved "https://registry.yarnpkg.com/stringset/-/stringset-0.2.1.tgz#ef259c4e349344377fcd1c913dd2e848c9c042b5"

suitcss-preprocessor@0.1.x:
  version "0.1.1"
  resolved "https://registry.yarnpkg.com/suitcss-preprocessor/-/suitcss-preprocessor-0.1.1.tgz#46c3f88623a02c91c077a66fedf64e5f4824f5f1"
  dependencies:
    autoprefixer "~1.1.20140319"
    colors "~0.6.2"
    commander "~2.1.0"
    node-watch "0.3.4"
    pad-component "0.0.1"
    read-file-stdin "0.0.3"
    rework "~0.20.1"
    rework-suit "~1.0.0"
    write-file-stdout "0.0.2"

superagent-proxy@~0.3.0:
  version "0.3.2"
  resolved "https://registry.yarnpkg.com/superagent-proxy/-/superagent-proxy-0.3.2.tgz#73c27ecd41915823070c90b265ee8390c3e1aa15"
  dependencies:
    debug "~2.2.0"
    proxy-agent "1"

superagent@0.15.7, superagent@~0.15.4:
  version "0.15.7"
  resolved "https://registry.yarnpkg.com/superagent/-/superagent-0.15.7.tgz#095c70b8afffbc072f1458f39684d4854d6333a3"
  dependencies:
    cookiejar "1.3.0"
    debug "~0.7.2"
    emitter-component "1.0.0"
    formidable "1.0.14"
    methods "0.0.1"
    mime "1.2.5"
    qs "0.6.5"
    reduce-component "1.0.1"

through@~2.3.8:
  version "2.3.8"
  resolved "https://registry.yarnpkg.com/through/-/through-2.3.8.tgz#0dd4c9ffaabc357960b1b724115d7e0e86a2e1f5"

thunkify@~2.1.1:
  version "2.1.2"
  resolved "https://registry.yarnpkg.com/thunkify/-/thunkify-2.1.2.tgz#faa0e9d230c51acc95ca13a361ac05ca7e04553d"

tryor@~0.1.2:
  version "0.1.2"
  resolved "https://registry.yarnpkg.com/tryor/-/tryor-0.1.2.tgz#8145e4ca7caff40acde3ccf946e8b8bb75b4172b"

type-check@~0.3.2:
  version "0.3.2"
  resolved "https://registry.yarnpkg.com/type-check/-/type-check-0.3.2.tgz#5884cab512cf1d355e3fb784f30804b2b520db72"
  dependencies:
    prelude-ls "~1.1.2"

util-deprecate@~1.0.1:
  version "1.0.2"
  resolved "https://registry.yarnpkg.com/util-deprecate/-/util-deprecate-1.0.2.tgz#450d4dc9fa70de732762fbd2d4a28981419a0ccf"

win-fork@~1.1.1:
  version "1.1.1"
  resolved "https://registry.yarnpkg.com/win-fork/-/win-fork-1.1.1.tgz#8f58e0656fca00adc8c86a2b89e3cd2d6a2d5e5e"

window-size@^0.1.2:
  version "0.1.4"
  resolved "https://registry.yarnpkg.com/window-size/-/window-size-0.1.4.tgz#f8e1aa1ee5a53ec5bf151ffa09742a6ad7697876"

wordwrap@0.0.2:
  version "0.0.2"
  resolved "https://registry.yarnpkg.com/wordwrap/-/wordwrap-0.0.2.tgz#b79669bb42ecb409f83d583cad52ca17eaa1643f"

wordwrap@~1.0.0:
  version "1.0.0"
  resolved "https://registry.yarnpkg.com/wordwrap/-/wordwrap-1.0.0.tgz#27584810891456a4171c8d0226441ade90cbcaeb"

wrappy@1:
  version "1.0.2"
  resolved "https://registry.yarnpkg.com/wrappy/-/wrappy-1.0.2.tgz#b5243d8f3ec1aa35f1364605bc0d1036e30ab69f"

write-file-stdout@0.0.2:
  version "0.0.2"
  resolved "https://registry.yarnpkg.com/write-file-stdout/-/write-file-stdout-0.0.2.tgz#c252d7c7c5b1b402897630e3453c7bfe690d9ca1"

xregexp@2.0.0:
  version "2.0.0"
  resolved "https://registry.yarnpkg.com/xregexp/-/xregexp-2.0.0.tgz#52a63e56ca0b84a7f3a5f3d61872f126ad7a5943"

y18n@^3.2.0:
  version "3.2.1"
  resolved "https://registry.yarnpkg.com/y18n/-/y18n-3.2.1.tgz#6d15fba884c08679c0d77e88e7759e811e07fa41"

yargs@~3.27.0:
  version "3.27.0"
  resolved "https://registry.yarnpkg.com/yargs/-/yargs-3.27.0.tgz#21205469316e939131d59f2da0c6d7f98221ea40"
  dependencies:
    camelcase "^1.2.1"
    cliui "^2.1.0"
    decamelize "^1.0.0"
    os-locale "^1.4.0"
    window-size "^0.1.2"
    y18n "^3.2.0"
