# THIS IS AN AUTOGENERATED FILE. DO NOT EDIT THIS FILE DIRECTLY.
# yarn lockfile v1


suitcss-components-grid@^3.0.2:
  version "3.0.3"
  resolved "https://registry.yarnpkg.com/suitcss-components-grid/-/suitcss-components-grid-3.0.3.tgz#52e0b03659ceace60add000135b57a78b328c303"
  integrity sha1-UuCwNlnOrOYK3QABNbV6eLMowwM=
